github.com/gethugothemes/hugo-modules/components/cookie-consent v0.0.0-20221112105926-def3fe496270 h1:wzZXTsSgVVx1vSIpKzGYrxVVqNXJ18oOYn2HB7cMZQU=
github.com/gethugothemes/hugo-modules/components/cookie-consent v0.0.0-20221112105926-def3fe496270/go.mod h1:sWzPbaJoZU+0ca82cv8xynDdCaFdr1WHMK1PTrK0EiM=
github.com/gethugothemes/hugo-modules/components/preloader v0.0.0-20221112105926-def3fe496270 h1:dNzuYhz0A+9qJvUxstXEliSaDmUuho+92b2g21+J7N8=
github.com/gethugothemes/hugo-modules/components/preloader v0.0.0-20221112105926-def3fe496270/go.mod h1:cge+6t2v+Z8CO/K94FwP7uMZoF+bzA0ctxaLh1WHrHc=
github.com/gethugothemes/hugo-modules/components/render-link v0.0.0-20221112105926-def3fe496270 h1:ohYBCH9CK/0ZAKJMFTeCJ2Zk8JO7miwokqg2YREMpbM=
github.com/gethugothemes/hugo-modules/components/render-link v0.0.0-20221112105926-def3fe496270/go.mod h1:+TDlxJ8OIYePBAcGVJVBXjEtawfvXU6ulU8w4LEgyOI=
github.com/gethugothemes/hugo-modules/gzip-caching v0.0.0-20221112105926-def3fe496270 h1:aIC96b6Y/kkZl12y6cVUBg5bLS66A1D/5MzC79x84w0=
github.com/gethugothemes/hugo-modules/gzip-caching v0.0.0-20221112105926-def3fe496270/go.mod h1:L6OgQZzB2qmj5499M4XSAvUXKG/vo6Sgmyaosjsjj84=
github.com/gethugothemes/hugo-modules/icons/font-awesome v0.0.0-20221112105926-def3fe496270 h1:BTCCEvZUWXfiZoAFxWcHeRH24JPZW19NJ9o52ptXQe8=
github.com/gethugothemes/hugo-modules/icons/font-awesome v0.0.0-20221112105926-def3fe496270/go.mod h1:6oWFTnmfHxtDU3t6Wj4d4lmvBg/cZLb1l5CpnfOiS0c=
github.com/gethugothemes/hugo-modules/images v0.0.0-20221112105926-def3fe496270 h1:AHxORmbowS19upAb0YuZCLqJH/3JB0HFTbm3Nk2ISOI=
github.com/gethugothemes/hugo-modules/images v0.0.0-20221112105926-def3fe496270/go.mod h1:kmJnNFAQo/bls1U8QpUD99FSB0ZqaiLI0NoxNIWBqg0=
github.com/gethugothemes/hugo-modules/pwa v0.0.0-20221112105926-def3fe496270 h1:Q5RrTu5GPtYQa5HGunOnY9csf61vNm5Wj2vxUnU8QBs=
github.com/gethugothemes/hugo-modules/pwa v0.0.0-20221112105926-def3fe496270/go.mod h1:Md7tUKcLT/eGRi4OTKpi3AxHxZJULdDFUL/VOAMZe24=
github.com/gethugothemes/hugo-modules/seo-tools/baidu-analytics v0.0.0-20221112105926-def3fe496270 h1:0s8rGEoLzH6nekSwLs3nXMZy5S1hURzcyTq2Ewq0aeo=
github.com/gethugothemes/hugo-modules/seo-tools/baidu-analytics v0.0.0-20221112105926-def3fe496270/go.mod h1:5nK/nKxJjbLhiYwTAsDqcJM9TuXC/XYrs+kA2l3V78g=
github.com/gethugothemes/hugo-modules/seo-tools/basic-seo v0.0.0-20221112105926-def3fe496270 h1:yB0EsONSgqwqgd02fqkuArysoXuOD/MVdKuFW1/SIvQ=
github.com/gethugothemes/hugo-modules/seo-tools/basic-seo v0.0.0-20221112105926-def3fe496270/go.mod h1:1NoEXD4ibH6gAzyS4HwJqc6nXoQYUJBMpCfWdQzzm8A=
github.com/gethugothemes/hugo-modules/seo-tools/counter-analytics v0.0.0-20221112105926-def3fe496270 h1:RSDDkGA4em56D2MKHPUBrCiRCyvYK0u5H4wM1LsUqnE=
github.com/gethugothemes/hugo-modules/seo-tools/counter-analytics v0.0.0-20221112105926-def3fe496270/go.mod h1:iTvG1ZX6AuQnVS7w2egtzlYiCFHS8ydtNkiFSf2ah+Y=
github.com/gethugothemes/hugo-modules/seo-tools/google-tag-manager v0.0.0-20221112105926-def3fe496270 h1:Nw1E7l//MgFmakQUMw1QY2b6EpAVdula0PTlNK88Yf0=
github.com/gethugothemes/hugo-modules/seo-tools/google-tag-manager v0.0.0-20221112105926-def3fe496270/go.mod h1:zORKJDYM+W1S7BL3OD7vB/W3skoJzDude5wSS7xh7u4=
github.com/gethugothemes/hugo-modules/seo-tools/matomo-analytics v0.0.0-20221112105926-def3fe496270 h1:soA7wlDM557KGz0fIYmp7GzcBscsw+Zg7lnwhcZ3NV8=
github.com/gethugothemes/hugo-modules/seo-tools/matomo-analytics v0.0.0-20221112105926-def3fe496270/go.mod h1:CCx/ROCbZydd/KxGwIEp/BHLSpeG7QqS04gQv/jHIv4=
github.com/gethugothemes/hugo-modules/seo-tools/plausible-analytics v0.0.0-20221112105926-def3fe496270 h1:5VoeYDEIU2DT/2Dy523QkwTGhvhblyLcFfOAlEk5ErU=
github.com/gethugothemes/hugo-modules/seo-tools/plausible-analytics v0.0.0-20221112105926-def3fe496270/go.mod h1:Q/QQkcNHEAolYrtxZ8EFVCv8ah2CrHhQ3+mbPvGzmKg=
github.com/gethugothemes/hugo-modules/seo-tools/site-verifications v0.0.0-20221112105926-def3fe496270 h1:KMcf9fPY2sU41zKv9NU71YhZ8viVw77VJW58NAUfCKI=
github.com/gethugothemes/hugo-modules/seo-tools/site-verifications v0.0.0-20221112105926-def3fe496270/go.mod h1:tHubpePaBJfKBbNA4TVluIFU6a8XnnR+PaTScpfZE2w=
github.com/gethugothemes/hugo-modules/shortcodes/buttons v0.0.0-20221112105926-def3fe496270 h1:4295Um/GVJTgdTc/jdoDRBItej3UAZ5e3uTURnd/RDw=
github.com/gethugothemes/hugo-modules/shortcodes/buttons v0.0.0-20221112105926-def3fe496270/go.mod h1:4KE94YGEyfAHgYJKmQhHVm4U6zF8udSNr0AyeAU1oCU=
github.com/gethugothemes/hugo-modules/shortcodes/collapse v0.0.0-20221112105926-def3fe496270 h1:FaT1sukCK4U6rNd32/JoizdeRGD95H+Xr7ljAw+aA5I=
github.com/gethugothemes/hugo-modules/shortcodes/collapse v0.0.0-20221112105926-def3fe496270/go.mod h1:9Bq8rrzsHP0H4cnlGh9Jgx+Y+iof1+7CWK/a3nImHCc=
github.com/gethugothemes/hugo-modules/shortcodes/gallery v0.0.0-20221112105926-def3fe496270 h1:HvBnGbPgtq7V7/npc6HeIwVkJPhSv/vAvuWqydLyUUI=
github.com/gethugothemes/hugo-modules/shortcodes/gallery v0.0.0-20221112105926-def3fe496270/go.mod h1:0IiyZojIP4jdCJjnFT7gAmPGzl/ZrAEN5fgZ1wcaWX4=
github.com/gethugothemes/hugo-modules/shortcodes/image v0.0.0-20221112105926-def3fe496270 h1:T00OsQIG2AobRJWU+in2Wo89OZwV1y40O0H6jNSQAQE=
github.com/gethugothemes/hugo-modules/shortcodes/image v0.0.0-20221112105926-def3fe496270/go.mod h1:HQLF/WH52nSjSIo3DeztUZ+wLj+UlgeR2dwgtE2EqUg=
github.com/gethugothemes/hugo-modules/shortcodes/notice v0.0.0-20221112105926-def3fe496270 h1:ZR50LEoD00c4KntJ8Sq8lO1Vw/JHbQpRzAEEHpY09Vo=
github.com/gethugothemes/hugo-modules/shortcodes/notice v0.0.0-20221112105926-def3fe496270/go.mod h1:n2yAJO6bRpUQ1KDyTZhYeL+0p18gslzqFaDjzDxUeyk=
github.com/gethugothemes/hugo-modules/shortcodes/table-of-contents v0.0.0-20221112105926-def3fe496270 h1:eCJlpk2qBj06HKBkh7okmGT0lNms7Z2cYIzrW5F5zMs=
github.com/gethugothemes/hugo-modules/shortcodes/table-of-contents v0.0.0-20221112105926-def3fe496270/go.mod h1:E23tqmkeXRMR8IU8hTpG2oPM23MqV2FvCMcR1Xhg7nk=
github.com/gethugothemes/hugo-modules/shortcodes/tabs v0.0.0-20221112105926-def3fe496270 h1:sZPyrJcndc4dz/mKjZkF0ONYI6fNHgsGE78Nd5uCz3g=
github.com/gethugothemes/hugo-modules/shortcodes/tabs v0.0.0-20221112105926-def3fe496270/go.mod h1:1GbDNUufvDpQkk91HLfNsY041+1Y8q64ZJRNwreUhzY=
github.com/gethugothemes/hugo-modules/shortcodes/video v0.0.0-20221112105926-def3fe496270 h1:LTmJYrvAYrAVm03OxX+xwQBPdBGDguZI3mq1nAaw1co=
github.com/gethugothemes/hugo-modules/shortcodes/video v0.0.0-20221112105926-def3fe496270/go.mod h1:0CCU/WXfZEL5d9P/ygxCwIBoFk3O2eNf3g8KlX/2oBw=
github.com/gethugothemes/hugo-modules/shortcodes/vimeo-lite v0.0.0-20221112105926-def3fe496270 h1:6SpZLIHeDE7S9kgrVLvm17gEhdSYcm6NPHXXZOygANg=
github.com/gethugothemes/hugo-modules/shortcodes/vimeo-lite v0.0.0-20221112105926-def3fe496270/go.mod h1:wwR/HpUs1unDwSpnBKqhjEj69zfkaSRXOYX+aDdyMzA=
github.com/gethugothemes/hugo-modules/shortcodes/youtube-lite v0.0.0-20221112105926-def3fe496270 h1:nSNa9K2pKpwrMULQ0KCIF7Or78aFQajQsurnyOIcRjg=
github.com/gethugothemes/hugo-modules/shortcodes/youtube-lite v0.0.0-20221112105926-def3fe496270/go.mod h1:PPyKn2XwfX8A8jt8J24w6XpTOFpsiDk6kz7/HfsF+Jc=
github.com/gohugoio/hugo-mod-bootstrap-scss/v5 v5.20200.20100 h1:YfBUWb8p0QBkMjabA6bFhhzwbz37SBVW7b7OUCFgZUE=
github.com/gohugoio/hugo-mod-bootstrap-scss/v5 v5.20200.20100/go.mod h1:Z5Bhe4pfn8reoHhWqCQMWEAynLCIeBAt1TDwni4fipM=
github.com/gohugoio/hugo-mod-jslibs-dist/popperjs/v2 v2.21100.20000/go.mod h1:mFberT6ZtcchrsDtfvJM7aAH2bDKLdOnruUHl0hlapI=
github.com/twbs/bootstrap v5.2.1+incompatible/go.mod h1:fZTSrkpSf0/HkL0IIJzvVspTt1r9zuf7XlZau8kpcY0=
